
Microsoft Visual Studio Solution File, Format Version 12.00
# Visual Studio Version 16
VisualStudioVersion = 16.0.31515.178
MinimumVisualStudioVersion = 10.0.40219.1
Project("{8BC9CEB8-8B4A-11D0-8D11-00A0C91BC942}") = "driver", "driver\driver.vcxproj", "{762E5923-B2FE-437D-9453-A99BAA0153FC}"
EndProject
Project("{8BC9CEB8-8B4A-11D0-8D11-00A0C91BC942}") = "installer", "installer\installer.vcxproj", "{8AFB75C4-52EB-43DF-877B-6BED887C1246}"
EndProject
Project("{8BC9CEB8-8B4A-11D0-8D11-00A0C91BC942}") = "client", "client\client.vcxproj", "{EB593115-D95B-4F1F-8D09-D6016DBF3C5E}"
EndProject
Global
	GlobalSection(SolutionConfigurationPlatforms) = preSolution
		Debug|ARM = Debug|ARM
		Debug|ARM64 = Debug|ARM64
		Debug|x64 = Debug|x64
		Debug|x86 = Debug|x86
		Release|ARM = Release|ARM
		Release|ARM64 = Release|ARM64
		Release|x64 = Release|x64
		Release|x86 = Release|x86
	EndGlobalSection
	GlobalSection(ProjectConfigurationPlatforms) = postSolution
		{762E5923-B2FE-437D-9453-A99BAA0153FC}.Debug|ARM.ActiveCfg = Debug|ARM
		{762E5923-B2FE-437D-9453-A99BAA0153FC}.Debug|ARM.Build.0 = Debug|ARM
		{762E5923-B2FE-437D-9453-A99BAA0153FC}.Debug|ARM.Deploy.0 = Debug|ARM
		{762E5923-B2FE-437D-9453-A99BAA0153FC}.Debug|ARM64.ActiveCfg = Debug|ARM64
		{762E5923-B2FE-437D-9453-A99BAA0153FC}.Debug|ARM64.Build.0 = Debug|ARM64
		{762E5923-B2FE-437D-9453-A99BAA0153FC}.Debug|ARM64.Deploy.0 = Debug|ARM64
		{762E5923-B2FE-437D-9453-A99BAA0153FC}.Debug|x64.ActiveCfg = Debug|x64
		{762E5923-B2FE-437D-9453-A99BAA0153FC}.Debug|x64.Build.0 = Debug|x64
		{762E5923-B2FE-437D-9453-A99BAA0153FC}.Debug|x64.Deploy.0 = Debug|x64
		{762E5923-B2FE-437D-9453-A99BAA0153FC}.Debug|x86.ActiveCfg = Debug|Win32
		{762E5923-B2FE-437D-9453-A99BAA0153FC}.Debug|x86.Build.0 = Debug|Win32
		{762E5923-B2FE-437D-9453-A99BAA0153FC}.Debug|x86.Deploy.0 = Debug|Win32
		{762E5923-B2FE-437D-9453-A99BAA0153FC}.Release|ARM.ActiveCfg = Release|ARM
		{762E5923-B2FE-437D-9453-A99BAA0153FC}.Release|ARM.Build.0 = Release|ARM
		{762E5923-B2FE-437D-9453-A99BAA0153FC}.Release|ARM.Deploy.0 = Release|ARM
		{762E5923-B2FE-437D-9453-A99BAA0153FC}.Release|ARM64.ActiveCfg = Release|ARM64
		{762E5923-B2FE-437D-9453-A99BAA0153FC}.Release|ARM64.Build.0 = Release|ARM64
		{762E5923-B2FE-437D-9453-A99BAA0153FC}.Release|ARM64.Deploy.0 = Release|ARM64
		{762E5923-B2FE-437D-9453-A99BAA0153FC}.Release|x64.ActiveCfg = Release|x64
		{762E5923-B2FE-437D-9453-A99BAA0153FC}.Release|x64.Build.0 = Release|x64
		{762E5923-B2FE-437D-9453-A99BAA0153FC}.Release|x64.Deploy.0 = Release|x64
		{762E5923-B2FE-437D-9453-A99BAA0153FC}.Release|x86.ActiveCfg = Release|Win32
		{762E5923-B2FE-437D-9453-A99BAA0153FC}.Release|x86.Build.0 = Release|Win32
		{762E5923-B2FE-437D-9453-A99BAA0153FC}.Release|x86.Deploy.0 = Release|Win32
		{8AFB75C4-52EB-43DF-877B-6BED887C1246}.Debug|ARM.ActiveCfg = Debug|Win32
		{8AFB75C4-52EB-43DF-877B-6BED887C1246}.Debug|ARM64.ActiveCfg = Debug|Win32
		{8AFB75C4-52EB-43DF-877B-6BED887C1246}.Debug|x64.ActiveCfg = Debug|x64
		{8AFB75C4-52EB-43DF-877B-6BED887C1246}.Debug|x64.Build.0 = Debug|x64
		{8AFB75C4-52EB-43DF-877B-6BED887C1246}.Debug|x86.ActiveCfg = Debug|Win32
		{8AFB75C4-52EB-43DF-877B-6BED887C1246}.Debug|x86.Build.0 = Debug|Win32
		{8AFB75C4-52EB-43DF-877B-6BED887C1246}.Release|ARM.ActiveCfg = Release|Win32
		{8AFB75C4-52EB-43DF-877B-6BED887C1246}.Release|ARM64.ActiveCfg = Release|Win32
		{8AFB75C4-52EB-43DF-877B-6BED887C1246}.Release|x64.ActiveCfg = Release|x64
		{8AFB75C4-52EB-43DF-877B-6BED887C1246}.Release|x64.Build.0 = Release|x64
		{8AFB75C4-52EB-43DF-877B-6BED887C1246}.Release|x86.ActiveCfg = Release|Win32
		{8AFB75C4-52EB-43DF-877B-6BED887C1246}.Release|x86.Build.0 = Release|Win32
		{EB593115-D95B-4F1F-8D09-D6016DBF3C5E}.Debug|ARM.ActiveCfg = Debug|Win32
		{EB593115-D95B-4F1F-8D09-D6016DBF3C5E}.Debug|ARM64.ActiveCfg = Debug|Win32
		{EB593115-D95B-4F1F-8D09-D6016DBF3C5E}.Debug|x64.ActiveCfg = Debug|x64
		{EB593115-D95B-4F1F-8D09-D6016DBF3C5E}.Debug|x64.Build.0 = Debug|x64
		{EB593115-D95B-4F1F-8D09-D6016DBF3C5E}.Debug|x86.ActiveCfg = Debug|Win32
		{EB593115-D95B-4F1F-8D09-D6016DBF3C5E}.Debug|x86.Build.0 = Debug|Win32
		{EB593115-D95B-4F1F-8D09-D6016DBF3C5E}.Release|ARM.ActiveCfg = Release|Win32
		{EB593115-D95B-4F1F-8D09-D6016DBF3C5E}.Release|ARM64.ActiveCfg = Release|Win32
		{EB593115-D95B-4F1F-8D09-D6016DBF3C5E}.Release|x64.ActiveCfg = Release|x64
		{EB593115-D95B-4F1F-8D09-D6016DBF3C5E}.Release|x64.Build.0 = Release|x64
		{EB593115-D95B-4F1F-8D09-D6016DBF3C5E}.Release|x86.ActiveCfg = Release|Win32
		{EB593115-D95B-4F1F-8D09-D6016DBF3C5E}.Release|x86.Build.0 = Release|Win32
	EndGlobalSection
	GlobalSection(SolutionProperties) = preSolution
		HideSolutionNode = FALSE
	EndGlobalSection
	GlobalSection(ExtensibilityGlobals) = postSolution
		SolutionGuid = {441ECD21-6D58-4FCD-8891-64312FBE9BFB}
	EndGlobalSection
EndGlobal
